
Microsoft Visual Studio Solution File, Format Version 12.00
# Visual Studio Version 17
VisualStudioVersion = 17.8.34330.188
MinimumVisualStudioVersion = 10.0.40219.1
Project("{8BC9CEB8-8B4A-11D0-8D11-00A0C91BC942}") = "Ex01", "Ex01\Ex01.vcxproj", "{86A7DC0A-7209-4A61-847C-BA6EA458498F}"
EndProject
Project("{8BC9CEB8-8B4A-11D0-8D11-00A0C91BC942}") = "Ex02", "Ex02\Ex02.vcxproj", "{7C28BCA1-B611-467A-BBA7-70329C6E3FE3}"
EndProject
Project("{8BC9CEB8-8B4A-11D0-8D11-00A0C91BC942}") = "Ex03", "Ex03\Ex03.vcxproj", "{BB752E4F-0920-41D0-96D9-A5DA4564690A}"
EndProject
Project("{8BC9CEB8-8B4A-11D0-8D11-00A0C91BC942}") = "Ex04", "Ex04\Ex04.vcxproj", "{F006E7A4-C4D1-416A-8022-8D435965837A}"
EndProject
Global
	GlobalSection(SolutionConfigurationPlatforms) = preSolution
		Debug|x64 = Debug|x64
		Debug|x86 = Debug|x86
		Release|x64 = Release|x64
		Release|x86 = Release|x86
	EndGlobalSection
	GlobalSection(ProjectConfigurationPlatforms) = postSolution
		{86A7DC0A-7209-4A61-847C-BA6EA458498F}.Debug|x64.ActiveCfg = Debug|x64
		{86A7DC0A-7209-4A61-847C-BA6EA458498F}.Debug|x64.Build.0 = Debug|x64
		{86A7DC0A-7209-4A61-847C-BA6EA458498F}.Debug|x86.ActiveCfg = Debug|Win32
		{86A7DC0A-7209-4A61-847C-BA6EA458498F}.Debug|x86.Build.0 = Debug|Win32
		{86A7DC0A-7209-4A61-847C-BA6EA458498F}.Release|x64.ActiveCfg = Release|x64
		{86A7DC0A-7209-4A61-847C-BA6EA458498F}.Release|x64.Build.0 = Release|x64
		{86A7DC0A-7209-4A61-847C-BA6EA458498F}.Release|x86.ActiveCfg = Release|Win32
		{86A7DC0A-7209-4A61-847C-BA6EA458498F}.Release|x86.Build.0 = Release|Win32
		{7C28BCA1-B611-467A-BBA7-70329C6E3FE3}.Debug|x64.ActiveCfg = Debug|x64
		{7C28BCA1-B611-467A-BBA7-70329C6E3FE3}.Debug|x64.Build.0 = Debug|x64
		{7C28BCA1-B611-467A-BBA7-70329C6E3FE3}.Debug|x86.ActiveCfg = Debug|Win32
		{7C28BCA1-B611-467A-BBA7-70329C6E3FE3}.Debug|x86.Build.0 = Debug|Win32
		{7C28BCA1-B611-467A-BBA7-70329C6E3FE3}.Release|x64.ActiveCfg = Release|x64
		{7C28BCA1-B611-467A-BBA7-70329C6E3FE3}.Release|x64.Build.0 = Release|x64
		{7C28BCA1-B611-467A-BBA7-70329C6E3FE3}.Release|x86.ActiveCfg = Release|Win32
		{7C28BCA1-B611-467A-BBA7-70329C6E3FE3}.Release|x86.Build.0 = Release|Win32
		{BB752E4F-0920-41D0-96D9-A5DA4564690A}.Debug|x64.ActiveCfg = Debug|x64
		{BB752E4F-0920-41D0-96D9-A5DA4564690A}.Debug|x64.Build.0 = Debug|x64
		{BB752E4F-0920-41D0-96D9-A5DA4564690A}.Debug|x86.ActiveCfg = Debug|Win32
		{BB752E4F-0920-41D0-96D9-A5DA4564690A}.Debug|x86.Build.0 = Debug|Win32
		{BB752E4F-0920-41D0-96D9-A5DA4564690A}.Release|x64.ActiveCfg = Release|x64
		{BB752E4F-0920-41D0-96D9-A5DA4564690A}.Release|x64.Build.0 = Release|x64
		{BB752E4F-0920-41D0-96D9-A5DA4564690A}.Release|x86.ActiveCfg = Release|Win32
		{BB752E4F-0920-41D0-96D9-A5DA4564690A}.Release|x86.Build.0 = Release|Win32
		{F006E7A4-C4D1-416A-8022-8D435965837A}.Debug|x64.ActiveCfg = Debug|x64
		{F006E7A4-C4D1-416A-8022-8D435965837A}.Debug|x64.Build.0 = Debug|x64
		{F006E7A4-C4D1-416A-8022-8D435965837A}.Debug|x86.ActiveCfg = Debug|Win32
		{F006E7A4-C4D1-416A-8022-8D435965837A}.Debug|x86.Build.0 = Debug|Win32
		{F006E7A4-C4D1-416A-8022-8D435965837A}.Release|x64.ActiveCfg = Release|x64
		{F006E7A4-C4D1-416A-8022-8D435965837A}.Release|x64.Build.0 = Release|x64
		{F006E7A4-C4D1-416A-8022-8D435965837A}.Release|x86.ActiveCfg = Release|Win32
		{F006E7A4-C4D1-416A-8022-8D435965837A}.Release|x86.Build.0 = Release|Win32
	EndGlobalSection
	GlobalSection(SolutionProperties) = preSolution
		HideSolutionNode = FALSE
	EndGlobalSection
	GlobalSection(ExtensibilityGlobals) = postSolution
		SolutionGuid = {D6321DF6-6E61-4988-8AD1-080E458B5020}
	EndGlobalSection
EndGlobal
